
Microsoft Visual Studio Solution File, Format Version 12.00
# Visual Studio Version 16
VisualStudioVersion = 16.0.32802.440
MinimumVisualStudioVersion = 10.0.40219.1
Project("{FAE04EC0-301F-11D3-BF4B-00C04F79EFBC}") = "QuanLySieuThi18-HuynhThiPhuongTram18", "QuanLySieuThi18-HuynhThiPhuongTram18\QuanLySieuThi18-HuynhThiPhuongTram18.csproj", "{006DD29A-1AD8-465B-B5AD-65299F02B572}"
EndProject
Project("{FAE04EC0-301F-11D3-BF4B-00C04F79EFBC}") = "QLST.DAL", "QLST.DAL\QLST.DAL.csproj", "{65A115DE-4867-4E1E-A574-FC22736EEFF5}"
EndProject
Project("{FAE04EC0-301F-11D3-BF4B-00C04F79EFBC}") = "QLST.BLL", "QLST.BLL\QLST.BLL.csproj", "{A081941F-28B4-40A0-9F8B-869D121030F9}"
EndProject
Project("{FAE04EC0-301F-11D3-BF4B-00C04F79EFBC}") = "QLST.Common", "QLST.Common\QLST.Common.csproj", "{A5D0769A-7B3C-4029-BE71-E27631F21390}"
EndProject
Global
	GlobalSection(SolutionConfigurationPlatforms) = preSolution
		Debug|Any CPU = Debug|Any CPU
		Release|Any CPU = Release|Any CPU
	EndGlobalSection
	GlobalSection(ProjectConfigurationPlatforms) = postSolution
		{006DD29A-1AD8-465B-B5AD-65299F02B572}.Debug|Any CPU.ActiveCfg = Debug|Any CPU
		{006DD29A-1AD8-465B-B5AD-65299F02B572}.Debug|Any CPU.Build.0 = Debug|Any CPU
		{006DD29A-1AD8-465B-B5AD-65299F02B572}.Release|Any CPU.ActiveCfg = Release|Any CPU
		{006DD29A-1AD8-465B-B5AD-65299F02B572}.Release|Any CPU.Build.0 = Release|Any CPU
		{65A115DE-4867-4E1E-A574-FC22736EEFF5}.Debug|Any CPU.ActiveCfg = Debug|Any CPU
		{65A115DE-4867-4E1E-A574-FC22736EEFF5}.Debug|Any CPU.Build.0 = Debug|Any CPU
		{65A115DE-4867-4E1E-A574-FC22736EEFF5}.Release|Any CPU.ActiveCfg = Release|Any CPU
		{65A115DE-4867-4E1E-A574-FC22736EEFF5}.Release|Any CPU.Build.0 = Release|Any CPU
		{A081941F-28B4-40A0-9F8B-869D121030F9}.Debug|Any CPU.ActiveCfg = Debug|Any CPU
		{A081941F-28B4-40A0-9F8B-869D121030F9}.Debug|Any CPU.Build.0 = Debug|Any CPU
		{A081941F-28B4-40A0-9F8B-869D121030F9}.Release|Any CPU.ActiveCfg = Release|Any CPU
		{A081941F-28B4-40A0-9F8B-869D121030F9}.Release|Any CPU.Build.0 = Release|Any CPU
		{A5D0769A-7B3C-4029-BE71-E27631F21390}.Debug|Any CPU.ActiveCfg = Debug|Any CPU
		{A5D0769A-7B3C-4029-BE71-E27631F21390}.Debug|Any CPU.Build.0 = Debug|Any CPU
		{A5D0769A-7B3C-4029-BE71-E27631F21390}.Release|Any CPU.ActiveCfg = Release|Any CPU
		{A5D0769A-7B3C-4029-BE71-E27631F21390}.Release|Any CPU.Build.0 = Release|Any CPU
	EndGlobalSection
	GlobalSection(SolutionProperties) = preSolution
		HideSolutionNode = FALSE
	EndGlobalSection
	GlobalSection(ExtensibilityGlobals) = postSolution
		SolutionGuid = {A46096B6-3468-4CF0-9727-8AE05A506541}
	EndGlobalSection
EndGlobal
