
Microsoft Visual Studio Solution File, Format Version 12.00
# Visual Studio Version 16
VisualStudioVersion = 16.0.32802.440
MinimumVisualStudioVersion = 10.0.40219.1
Project("{FAE04EC0-301F-11D3-BF4B-00C04F79EFBC}") = "QLST.Web", "QLST.Web\QLST.Web.csproj", "{836B1911-2D85-4A82-A87B-1B4D527C19E3}"
EndProject
Project("{FAE04EC0-301F-11D3-BF4B-00C04F79EFBC}") = "QLST.DAL", "QLST.DAL\QLST.DAL.csproj", "{0EF000C0-2E70-4F84-BFC0-0F5957180224}"
EndProject
Project("{FAE04EC0-301F-11D3-BF4B-00C04F79EFBC}") = "QLST.BLL", "QLST.BLL\QLST.BLL.csproj", "{B6D0DC5C-E306-4B10-9809-BACD7174ADD9}"
EndProject
Project("{FAE04EC0-301F-11D3-BF4B-00C04F79EFBC}") = "QLST.Common", "QLST.Common\QLST.Common.csproj", "{B2713699-257B-4AD0-9BCF-192668C52828}"
EndProject
Global
	GlobalSection(SolutionConfigurationPlatforms) = preSolution
		Debug|Any CPU = Debug|Any CPU
		Release|Any CPU = Release|Any CPU
	EndGlobalSection
	GlobalSection(ProjectConfigurationPlatforms) = postSolution
		{836B1911-2D85-4A82-A87B-1B4D527C19E3}.Debug|Any CPU.ActiveCfg = Debug|Any CPU
		{836B1911-2D85-4A82-A87B-1B4D527C19E3}.Debug|Any CPU.Build.0 = Debug|Any CPU
		{836B1911-2D85-4A82-A87B-1B4D527C19E3}.Release|Any CPU.ActiveCfg = Release|Any CPU
		{836B1911-2D85-4A82-A87B-1B4D527C19E3}.Release|Any CPU.Build.0 = Release|Any CPU
		{0EF000C0-2E70-4F84-BFC0-0F5957180224}.Debug|Any CPU.ActiveCfg = Debug|Any CPU
		{0EF000C0-2E70-4F84-BFC0-0F5957180224}.Debug|Any CPU.Build.0 = Debug|Any CPU
		{0EF000C0-2E70-4F84-BFC0-0F5957180224}.Release|Any CPU.ActiveCfg = Release|Any CPU
		{0EF000C0-2E70-4F84-BFC0-0F5957180224}.Release|Any CPU.Build.0 = Release|Any CPU
		{B6D0DC5C-E306-4B10-9809-BACD7174ADD9}.Debug|Any CPU.ActiveCfg = Debug|Any CPU
		{B6D0DC5C-E306-4B10-9809-BACD7174ADD9}.Debug|Any CPU.Build.0 = Debug|Any CPU
		{B6D0DC5C-E306-4B10-9809-BACD7174ADD9}.Release|Any CPU.ActiveCfg = Release|Any CPU
		{B6D0DC5C-E306-4B10-9809-BACD7174ADD9}.Release|Any CPU.Build.0 = Release|Any CPU
		{B2713699-257B-4AD0-9BCF-192668C52828}.Debug|Any CPU.ActiveCfg = Debug|Any CPU
		{B2713699-257B-4AD0-9BCF-192668C52828}.Debug|Any CPU.Build.0 = Debug|Any CPU
		{B2713699-257B-4AD0-9BCF-192668C52828}.Release|Any CPU.ActiveCfg = Release|Any CPU
		{B2713699-257B-4AD0-9BCF-192668C52828}.Release|Any CPU.Build.0 = Release|Any CPU
	EndGlobalSection
	GlobalSection(SolutionProperties) = preSolution
		HideSolutionNode = FALSE
	EndGlobalSection
	GlobalSection(ExtensibilityGlobals) = postSolution
		SolutionGuid = {BBBFF50D-1AB7-4A0F-AC4B-B0B5772A0870}
	EndGlobalSection
EndGlobal
